// !$*UTF8*$!
{
	archiveVersion = 1;
	classes = {
	};
	objectVersion = 46;
	objects = {

/* Begin PBXBuildFile section */
		E51075D3144A06870000A608 /* UIKit.framework in Frameworks */ = {isa = PBXBuildFile; fileRef = E51075D2144A06870000A608 /* UIKit.framework */; };
		E51075D5144A06870000A608 /* Foundation.framework in Frameworks */ = {isa = PBXBuildFile; fileRef = E51075D4144A06870000A608 /* Foundation.framework */; };
		E51075D7144A06870000A608 /* CoreGraphics.framework in Frameworks */ = {isa = PBXBuildFile; fileRef = E51075D6144A06870000A608 /* CoreGraphics.framework */; };
		E51075DD144A06870000A608 /* InfoPlist.strings in Resources */ = {isa = PBXBuildFile; fileRef = E51075DB144A06870000A608 /* InfoPlist.strings */; };
		E51075DF144A06870000A608 /* main.m in Sources */ = {isa = PBXBuildFile; fileRef = E51075DE144A06870000A608 /* main.m */; };
		E51075E3144A06870000A608 /* RKUAppDelegate.m in Sources */ = {isa = PBXBuildFile; fileRef = E51075E2144A06870000A608 /* RKUAppDelegate.m */; };
		E51075E6144A06870000A608 /* RKUViewController.m in Sources */ = {isa = PBXBuildFile; fileRef = E51075E5144A06870000A608 /* RKUViewController.m */; };
		E51075E9144A06870000A608 /* RKUViewController.xib in Resources */ = {isa = PBXBuildFile; fileRef = E51075E7144A06870000A608 /* RKUViewController.xib */; };
		E51075F0144A0A420000A608 /* QuartzCore.framework in Frameworks */ = {isa = PBXBuildFile; fileRef = E51075EF144A0A420000A608 /* QuartzCore.framework */; };
/* End PBXBuildFile section */

/* Begin PBXFileReference section */
		E51075CE144A06870000A608 /* GestureRecongnizer.app */ = {isa = PBXFileReference; explicitFileType = wrapper.application; includeInIndex = 0; path = GestureRecongnizer.app; sourceTree = BUILT_PRODUCTS_DIR; };
		E51075D2144A06870000A608 /* UIKit.framework */ = {isa = PBXFileReference; lastKnownFileType = wrapper.framework; name = UIKit.framework; path = System/Library/Frameworks/UIKit.framework; sourceTree = SDKROOT; };
		E51075D4144A06870000A608 /* Foundation.framework */ = {isa = PBXFileReference; lastKnownFileType = wrapper.framework; name = Foundation.framework; path = System/Library/Frameworks/Foundation.framework; sourceTree = SDKROOT; };
		E51075D6144A06870000A608 /* CoreGraphics.framework */ = {isa = PBXFileReference; lastKnownFileType = wrapper.framework; name = CoreGraphics.framework; path = System/Library/Frameworks/CoreGraphics.framework; sourceTree = SDKROOT; };
		E51075DA144A06870000A608 /* GestureRecongnizer-Info.plist */ = {isa = PBXFileReference; lastKnownFileType = text.plist.xml; path = "GestureRecongnizer-Info.plist"; sourceTree = "<group>"; };
		E51075DC144A06870000A608 /* en */ = {isa = PBXFileReference; lastKnownFileType = text.plist.strings; name = en; path = en.lproj/InfoPlist.strings; sourceTree = "<group>"; };
		E51075DE144A06870000A608 /* main.m */ = {isa = PBXFileReference; lastKnownFileType = sourcecode.c.objc; path = main.m; sourceTree = "<group>"; };
		E51075E0144A06870000A608 /* GestureRecongnizer-Prefix.pch */ = {isa = PBXFileReference; lastKnownFileType = sourcecode.c.h; path = "GestureRecongnizer-Prefix.pch"; sourceTree = "<group>"; };
		E51075E1144A06870000A608 /* RKUAppDelegate.h */ = {isa = PBXFileReference; lastKnownFileType = sourcecode.c.h; path = RKUAppDelegate.h; sourceTree = "<group>"; };
		E51075E2144A06870000A608 /* RKUAppDelegate.m */ = {isa = PBXFileReference; lastKnownFileType = sourcecode.c.objc; path = RKUAppDelegate.m; sourceTree = "<group>"; };
		E51075E4144A06870000A608 /* RKUViewController.h */ = {isa = PBXFileReference; lastKnownFileType = sourcecode.c.h; path = RKUViewController.h; sourceTree = "<group>"; };
		E51075E5144A06870000A608 /* RKUViewController.m */ = {isa = PBXFileReference; lastKnownFileType = sourcecode.c.objc; path = RKUViewController.m; sourceTree = "<group>"; };
		E51075E8144A06870000A608 /* en */ = {isa = PBXFileReference; lastKnownFileType = file.xib; name = en; path = en.lproj/RKUViewController.xib; sourceTree = "<group>"; };
		E51075EF144A0A420000A608 /* QuartzCore.framework */ = {isa = PBXFileReference; lastKnownFileType = wrapper.framework; name = QuartzCore.framework; path = System/Library/Frameworks/QuartzCore.framework; sourceTree = SDKROOT; };
/* End PBXFileReference section */

/* Begin PBXFrameworksBuildPhase section */
		E51075CB144A06870000A608 /* Frameworks */ = {
			isa = PBXFrameworksBuildPhase;
			buildActionMask = 2147483647;
			files = (
				E51075F0144A0A420000A608 /* QuartzCore.framework in Frameworks */,
				E51075D3144A06870000A608 /* UIKit.framework in Frameworks */,
				E51075D5144A06870000A608 /* Foundation.framework in Frameworks */,
				E51075D7144A06870000A608 /* CoreGraphics.framework in Frameworks */,
			);
			runOnlyForDeploymentPostprocessing = 0;
		};
/* End PBXFrameworksBuildPhase section */

/* Begin PBXGroup section */
		E51075C3144A06870000A608 = {
			isa = PBXGroup;
			children = (
				E51075D8144A06870000A608 /* GestureRecongnizer */,
				E51075D1144A06870000A608 /* Frameworks */,
				E51075CF144A06870000A608 /* Products */,
			);
			sourceTree = "<group>";
		};
		E51075CF144A06870000A608 /* Products */ = {
			isa = PBXGroup;
			children = (
				E51075CE144A06870000A608 /* GestureRecongnizer.app */,
			);
			name = Products;
			sourceTree = "<group>";
		};
		E51075D1144A06870000A608 /* Frameworks */ = {
			isa = PBXGroup;
			children = (
				E51075EF144A0A420000A608 /* QuartzCore.framework */,
				E51075D2144A06870000A608 /* UIKit.framework */,
				E51075D4144A06870000A608 /* Foundation.framework */,
				E51075D6144A06870000A608 /* CoreGraphics.framework */,
			);
			name = Frameworks;
			sourceTree = "<group>";
		};
		E51075D8144A06870000A608 /* GestureRecongnizer */ = {
			isa = PBXGroup;
			children = (
				E51075E1144A06870000A608 /* RKUAppDelegate.h */,
				E51075E2144A06870000A608 /* RKUAppDelegate.m */,
				E51075E4144A06870000A608 /* RKUViewController.h */,
				E51075E5144A06870000A608 /* RKUViewController.m */,
				E51075E7144A06870000A608 /* RKUViewController.xib */,
				E51075D9144A06870000A608 /* Supporting Files */,
			);
			path = GestureRecongnizer;
			sourceTree = "<group>";
		};
		E51075D9144A06870000A608 /* Supporting Files */ = {
			isa = PBXGroup;
			children = (
				E51075DA144A06870000A608 /* GestureRecongnizer-Info.plist */,
				E51075DB144A06870000A608 /* InfoPlist.strings */,
				E51075DE144A06870000A608 /* main.m */,
				E51075E0144A06870000A608 /* GestureRecongnizer-Prefix.pch */,
			);
			name = "Supporting Files";
			sourceTree = "<group>";
		};
/* End PBXGroup section */

/* Begin PBXNativeTarget section */
		E51075CD144A06870000A608 /* GestureRecongnizer */ = {
			isa = PBXNativeTarget;
			buildConfigurationList = E51075EC144A06870000A608 /* Build configuration list for PBXNativeTarget "GestureRecongnizer" */;
			buildPhases = (
				E51075CA144A06870000A608 /* Sources */,
				E51075CB144A06870000A608 /* Frameworks */,
				E51075CC144A06870000A608 /* Resources */,
			);
			buildRules = (
			);
			dependencies = (
			);
			name = GestureRecongnizer;
			productName = GestureRecongnizer;
			productReference = E51075CE144A06870000A608 /* GestureRecongnizer.app */;
			productType = "com.apple.product-type.application";
		};
/* End PBXNativeTarget section */

/* Begin PBXProject section */
		E51075C5144A06870000A608 /* Project object */ = {
			isa = PBXProject;
			attributes = {
				LastUpgradeCheck = 0420;
			};
			buildConfigurationList = E51075C8144A06870000A608 /* Build configuration list for PBXProject "GestureRecongnizer" */;
			compatibilityVersion = "Xcode 3.2";
			developmentRegion = English;
			hasScannedForEncodings = 0;
			knownRegions = (
				en,
			);
			mainGroup = E51075C3144A06870000A608;
			productRefGroup = E51075CF144A06870000A608 /* Products */;
			projectDirPath = "";
			projectRoot = "";
			targets = (
				E51075CD144A06870000A608 /* GestureRecongnizer */,
			);
		};
/* End PBXProject section */

/* Begin PBXResourcesBuildPhase section */
		E51075CC144A06870000A608 /* Resources */ = {
			isa = PBXResourcesBuildPhase;
			buildActionMask = 2147483647;
			files = (
				E51075DD144A06870000A608 /* InfoPlist.strings in Resources */,
				E51075E9144A06870000A608 /* RKUViewController.xib in Resources */,
			);
			runOnlyForDeploymentPostprocessing = 0;
		};
/* End PBXResourcesBuildPhase section */

/* Begin PBXSourcesBuildPhase section */
		E51075CA144A06870000A608 /* Sources */ = {
			isa = PBXSourcesBuildPhase;
			buildActionMask = 2147483647;
			files = (
				E51075DF144A06870000A608 /* main.m in Sources */,
				E51075E3144A06870000A608 /* RKUAppDelegate.m in Sources */,
				E51075E6144A06870000A608 /* RKUViewController.m in Sources */,
			);
			runOnlyForDeploymentPostprocessing = 0;
		};
/* End PBXSourcesBuildPhase section */

/* Begin PBXVariantGroup section */
		E51075DB144A06870000A608 /* InfoPlist.strings */ = {
			isa = PBXVariantGroup;
			children = (
				E51075DC144A06870000A608 /* en */,
			);
			name = InfoPlist.strings;
			sourceTree = "<group>";
		};
		E51075E7144A06870000A608 /* RKUViewController.xib */ = {
			isa = PBXVariantGroup;
			children = (
				E51075E8144A06870000A608 /* en */,
			);
			name = RKUViewController.xib;
			sourceTree = "<group>";
		};
/* End PBXVariantGroup section */

/* Begin XCBuildConfiguration section */
		E51075EA144A06870000A608 /* Debug */ = {
			isa = XCBuildConfiguration;
			buildSettings = {
				ALWAYS_SEARCH_USER_PATHS = NO;
				ARCHS = "$(ARCHS_STANDARD_32_BIT)";
				CLANG_ENABLE_OBJC_ARC = YES;
				"CODE_SIGN_IDENTITY[sdk=iphoneos*]" = "iPhone Developer";
				COPY_PHASE_STRIP = NO;
				GCC_C_LANGUAGE_STANDARD = gnu99;
				GCC_DYNAMIC_NO_PIC = NO;
				GCC_OPTIMIZATION_LEVEL = 0;
				GCC_PREPROCESSOR_DEFINITIONS = (
					"DEBUG=1",
					"$(inherited)",
				);
				GCC_SYMBOLS_PRIVATE_EXTERN = NO;
				GCC_VERSION = com.apple.compilers.llvm.clang.1_0;
				GCC_WARN_ABOUT_MISSING_PROTOTYPES = YES;
				GCC_WARN_ABOUT_RETURN_TYPE = YES;
				GCC_WARN_UNUSED_VARIABLE = YES;
				IPHONEOS_DEPLOYMENT_TARGET = 5.0;
				SDKROOT = iphoneos;
				TARGETED_DEVICE_FAMILY = 2;
			};
			name = Debug;
		};
		E51075EB144A06870000A608 /* Release */ = {
			isa = XCBuildConfiguration;
			buildSettings = {
				ALWAYS_SEARCH_USER_PATHS = NO;
				ARCHS = "$(ARCHS_STANDARD_32_BIT)";
				CLANG_ENABLE_OBJC_ARC = YES;
				"CODE_SIGN_IDENTITY[sdk=iphoneos*]" = "iPhone Developer";
				COPY_PHASE_STRIP = YES;
				GCC_C_LANGUAGE_STANDARD = gnu99;
				GCC_VERSION = com.apple.compilers.llvm.clang.1_0;
				GCC_WARN_ABOUT_MISSING_PROTOTYPES = YES;
				GCC_WARN_ABOUT_RETURN_TYPE = YES;
				GCC_WARN_UNUSED_VARIABLE = YES;
				IPHONEOS_DEPLOYMENT_TARGET = 5.0;
				OTHER_CFLAGS = "-DNS_BLOCK_ASSERTIONS=1";
				SDKROOT = iphoneos;
				TARGETED_DEVICE_FAMILY = 2;
				VALIDATE_PRODUCT = YES;
			};
			name = Release;
		};
		E51075ED144A06870000A608 /* Debug */ = {
			isa = XCBuildConfiguration;
			buildSettings = {
				GCC_PRECOMPILE_PREFIX_HEADER = YES;
				GCC_PREFIX_HEADER = "GestureRecongnizer/GestureRecongnizer-Prefix.pch";
				INFOPLIST_FILE = "GestureRecongnizer/GestureRecongnizer-Info.plist";
				PRODUCT_NAME = "$(TARGET_NAME)";
				WRAPPER_EXTENSION = app;
			};
			name = Debug;
		};
		E51075EE144A06870000A608 /* Release */ = {
			isa = XCBuildConfiguration;
			buildSettings = {
				GCC_PRECOMPILE_PREFIX_HEADER = YES;
				GCC_PREFIX_HEADER = "GestureRecongnizer/GestureRecongnizer-Prefix.pch";
				INFOPLIST_FILE = "GestureRecongnizer/GestureRecongnizer-Info.plist";
				PRODUCT_NAME = "$(TARGET_NAME)";
				WRAPPER_EXTENSION = app;
			};
			name = Release;
		};
/* End XCBuildConfiguration section */

/* Begin XCConfigurationList section */
		E51075C8144A06870000A608 /* Build configuration list for PBXProject "GestureRecongnizer" */ = {
			isa = XCConfigurationList;
			buildConfigurations = (
				E51075EA144A06870000A608 /* Debug */,
				E51075EB144A06870000A608 /* Release */,
			);
			defaultConfigurationIsVisible = 0;
			defaultConfigurationName = Release;
		};
		E51075EC144A06870000A608 /* Build configuration list for PBXNativeTarget "GestureRecongnizer" */ = {
			isa = XCConfigurationList;
			buildConfigurations = (
				E51075ED144A06870000A608 /* Debug */,
				E51075EE144A06870000A608 /* Release */,
			);
			defaultConfigurationIsVisible = 0;
		};
/* End XCConfigurationList section */
	};
	rootObject = E51075C5144A06870000A608 /* Project object */;
}
