// !$*UTF8*$!
{
	archiveVersion = 1;
	classes = {
	};
	objectVersion = 46;
	objects = {

/* Begin PBXBuildFile section */
		E5A6144E1440B5790008C746 /* UIKit.framework in Frameworks */ = {isa = PBXBuildFile; fileRef = E5A6144D1440B5790008C746 /* UIKit.framework */; };
		E5A614501440B5790008C746 /* Foundation.framework in Frameworks */ = {isa = PBXBuildFile; fileRef = E5A6144F1440B5790008C746 /* Foundation.framework */; };
		E5A614521440B5790008C746 /* CoreGraphics.framework in Frameworks */ = {isa = PBXBuildFile; fileRef = E5A614511440B5790008C746 /* CoreGraphics.framework */; };
		E5A614581440B5790008C746 /* InfoPlist.strings in Resources */ = {isa = PBXBuildFile; fileRef = E5A614561440B5790008C746 /* InfoPlist.strings */; };
		E5A6145A1440B5790008C746 /* main.m in Sources */ = {isa = PBXBuildFile; fileRef = E5A614591440B5790008C746 /* main.m */; };
		E5A6145E1440B5790008C746 /* RKUAppDelegate.m in Sources */ = {isa = PBXBuildFile; fileRef = E5A6145D1440B5790008C746 /* RKUAppDelegate.m */; };
		E5A614611440B5790008C746 /* RKUMasterViewController.m in Sources */ = {isa = PBXBuildFile; fileRef = E5A614601440B5790008C746 /* RKUMasterViewController.m */; };
		E5A614671440B5790008C746 /* RKUMasterViewController.xib in Resources */ = {isa = PBXBuildFile; fileRef = E5A614651440B5790008C746 /* RKUMasterViewController.xib */; };
		E5A614721440B7870008C746 /* Participante.m in Sources */ = {isa = PBXBuildFile; fileRef = E5A614711440B7870008C746 /* Participante.m */; };
		E5A614781440CED40008C746 /* AddView.xib in Resources */ = {isa = PBXBuildFile; fileRef = E5A614771440CED40008C746 /* AddView.xib */; };
		E5A6147B1440CF6C0008C746 /* AddViewController.m in Sources */ = {isa = PBXBuildFile; fileRef = E5A6147A1440CF6C0008C746 /* AddViewController.m */; };
		E5A6147D1440F48B0008C746 /* PaisCell.xib in Resources */ = {isa = PBXBuildFile; fileRef = E5A6147C1440F48B0008C746 /* PaisCell.xib */; };
		E5A614801440F5490008C746 /* PaisCellView.m in Sources */ = {isa = PBXBuildFile; fileRef = E5A6147F1440F5490008C746 /* PaisCellView.m */; };
		E5A614821440F8790008C746 /* Flag of Guatemala.png in Resources */ = {isa = PBXBuildFile; fileRef = E5A614811440F8790008C746 /* Flag of Guatemala.png */; };
		E5A614841440F8880008C746 /* Flag of Mexico.png in Resources */ = {isa = PBXBuildFile; fileRef = E5A614831440F8880008C746 /* Flag of Mexico.png */; };
		E5A614861440F8980008C746 /* Flag of United States.png in Resources */ = {isa = PBXBuildFile; fileRef = E5A614851440F8970008C746 /* Flag of United States.png */; };
/* End PBXBuildFile section */

/* Begin PBXFileReference section */
		E5A614491440B5790008C746 /* TableView.app */ = {isa = PBXFileReference; explicitFileType = wrapper.application; includeInIndex = 0; path = TableView.app; sourceTree = BUILT_PRODUCTS_DIR; };
		E5A6144D1440B5790008C746 /* UIKit.framework */ = {isa = PBXFileReference; lastKnownFileType = wrapper.framework; name = UIKit.framework; path = System/Library/Frameworks/UIKit.framework; sourceTree = SDKROOT; };
		E5A6144F1440B5790008C746 /* Foundation.framework */ = {isa = PBXFileReference; lastKnownFileType = wrapper.framework; name = Foundation.framework; path = System/Library/Frameworks/Foundation.framework; sourceTree = SDKROOT; };
		E5A614511440B5790008C746 /* CoreGraphics.framework */ = {isa = PBXFileReference; lastKnownFileType = wrapper.framework; name = CoreGraphics.framework; path = System/Library/Frameworks/CoreGraphics.framework; sourceTree = SDKROOT; };
		E5A614551440B5790008C746 /* TableView-Info.plist */ = {isa = PBXFileReference; lastKnownFileType = text.plist.xml; path = "TableView-Info.plist"; sourceTree = "<group>"; };
		E5A614571440B5790008C746 /* en */ = {isa = PBXFileReference; lastKnownFileType = text.plist.strings; name = en; path = en.lproj/InfoPlist.strings; sourceTree = "<group>"; };
		E5A614591440B5790008C746 /* main.m */ = {isa = PBXFileReference; lastKnownFileType = sourcecode.c.objc; path = main.m; sourceTree = "<group>"; };
		E5A6145B1440B5790008C746 /* TableView-Prefix.pch */ = {isa = PBXFileReference; lastKnownFileType = sourcecode.c.h; path = "TableView-Prefix.pch"; sourceTree = "<group>"; };
		E5A6145C1440B5790008C746 /* RKUAppDelegate.h */ = {isa = PBXFileReference; lastKnownFileType = sourcecode.c.h; path = RKUAppDelegate.h; sourceTree = "<group>"; };
		E5A6145D1440B5790008C746 /* RKUAppDelegate.m */ = {isa = PBXFileReference; lastKnownFileType = sourcecode.c.objc; path = RKUAppDelegate.m; sourceTree = "<group>"; };
		E5A6145F1440B5790008C746 /* RKUMasterViewController.h */ = {isa = PBXFileReference; lastKnownFileType = sourcecode.c.h; path = RKUMasterViewController.h; sourceTree = "<group>"; };
		E5A614601440B5790008C746 /* RKUMasterViewController.m */ = {isa = PBXFileReference; lastKnownFileType = sourcecode.c.objc; path = RKUMasterViewController.m; sourceTree = "<group>"; };
		E5A614661440B5790008C746 /* en */ = {isa = PBXFileReference; lastKnownFileType = file.xib; name = en; path = en.lproj/RKUMasterViewController.xib; sourceTree = "<group>"; };
		E5A614701440B7870008C746 /* Participante.h */ = {isa = PBXFileReference; fileEncoding = 4; lastKnownFileType = sourcecode.c.h; path = Participante.h; sourceTree = "<group>"; };
		E5A614711440B7870008C746 /* Participante.m */ = {isa = PBXFileReference; fileEncoding = 4; lastKnownFileType = sourcecode.c.objc; path = Participante.m; sourceTree = "<group>"; };
		E5A614771440CED40008C746 /* AddView.xib */ = {isa = PBXFileReference; fileEncoding = 4; lastKnownFileType = file.xib; path = AddView.xib; sourceTree = "<group>"; };
		E5A614791440CF6C0008C746 /* AddViewController.h */ = {isa = PBXFileReference; fileEncoding = 4; lastKnownFileType = sourcecode.c.h; path = AddViewController.h; sourceTree = "<group>"; };
		E5A6147A1440CF6C0008C746 /* AddViewController.m */ = {isa = PBXFileReference; fileEncoding = 4; lastKnownFileType = sourcecode.c.objc; path = AddViewController.m; sourceTree = "<group>"; };
		E5A6147C1440F48B0008C746 /* PaisCell.xib */ = {isa = PBXFileReference; fileEncoding = 4; lastKnownFileType = file.xib; path = PaisCell.xib; sourceTree = "<group>"; };
		E5A6147E1440F5490008C746 /* PaisCellView.h */ = {isa = PBXFileReference; fileEncoding = 4; lastKnownFileType = sourcecode.c.h; path = PaisCellView.h; sourceTree = "<group>"; };
		E5A6147F1440F5490008C746 /* PaisCellView.m */ = {isa = PBXFileReference; fileEncoding = 4; lastKnownFileType = sourcecode.c.objc; path = PaisCellView.m; sourceTree = "<group>"; };
		E5A614811440F8790008C746 /* Flag of Guatemala.png */ = {isa = PBXFileReference; lastKnownFileType = image.png; path = "Flag of Guatemala.png"; sourceTree = "<group>"; };
		E5A614831440F8880008C746 /* Flag of Mexico.png */ = {isa = PBXFileReference; lastKnownFileType = image.png; path = "Flag of Mexico.png"; sourceTree = "<group>"; };
		E5A614851440F8970008C746 /* Flag of United States.png */ = {isa = PBXFileReference; lastKnownFileType = image.png; path = "Flag of United States.png"; sourceTree = "<group>"; };
/* End PBXFileReference section */

/* Begin PBXFrameworksBuildPhase section */
		E5A614461440B5790008C746 /* Frameworks */ = {
			isa = PBXFrameworksBuildPhase;
			buildActionMask = 2147483647;
			files = (
				E5A6144E1440B5790008C746 /* UIKit.framework in Frameworks */,
				E5A614501440B5790008C746 /* Foundation.framework in Frameworks */,
				E5A614521440B5790008C746 /* CoreGraphics.framework in Frameworks */,
			);
			runOnlyForDeploymentPostprocessing = 0;
		};
/* End PBXFrameworksBuildPhase section */

/* Begin PBXGroup section */
		E5A6143E1440B5780008C746 = {
			isa = PBXGroup;
			children = (
				E5A6147C1440F48B0008C746 /* PaisCell.xib */,
				E5A6147E1440F5490008C746 /* PaisCellView.h */,
				E5A6147F1440F5490008C746 /* PaisCellView.m */,
				E5A614771440CED40008C746 /* AddView.xib */,
				E5A614791440CF6C0008C746 /* AddViewController.h */,
				E5A614851440F8970008C746 /* Flag of United States.png */,
				E5A614831440F8880008C746 /* Flag of Mexico.png */,
				E5A6147A1440CF6C0008C746 /* AddViewController.m */,
				E5A614811440F8790008C746 /* Flag of Guatemala.png */,
				E5A614531440B5790008C746 /* TableView */,
				E5A6144C1440B5790008C746 /* Frameworks */,
				E5A6144A1440B5790008C746 /* Products */,
			);
			sourceTree = "<group>";
		};
		E5A6144A1440B5790008C746 /* Products */ = {
			isa = PBXGroup;
			children = (
				E5A614491440B5790008C746 /* TableView.app */,
			);
			name = Products;
			sourceTree = "<group>";
		};
		E5A6144C1440B5790008C746 /* Frameworks */ = {
			isa = PBXGroup;
			children = (
				E5A6144D1440B5790008C746 /* UIKit.framework */,
				E5A6144F1440B5790008C746 /* Foundation.framework */,
				E5A614511440B5790008C746 /* CoreGraphics.framework */,
			);
			name = Frameworks;
			sourceTree = "<group>";
		};
		E5A614531440B5790008C746 /* TableView */ = {
			isa = PBXGroup;
			children = (
				E5A6145C1440B5790008C746 /* RKUAppDelegate.h */,
				E5A6145D1440B5790008C746 /* RKUAppDelegate.m */,
				E5A6145F1440B5790008C746 /* RKUMasterViewController.h */,
				E5A614601440B5790008C746 /* RKUMasterViewController.m */,
				E5A614701440B7870008C746 /* Participante.h */,
				E5A614711440B7870008C746 /* Participante.m */,
				E5A614651440B5790008C746 /* RKUMasterViewController.xib */,
				E5A614541440B5790008C746 /* Supporting Files */,
			);
			path = TableView;
			sourceTree = "<group>";
		};
		E5A614541440B5790008C746 /* Supporting Files */ = {
			isa = PBXGroup;
			children = (
				E5A614551440B5790008C746 /* TableView-Info.plist */,
				E5A614561440B5790008C746 /* InfoPlist.strings */,
				E5A614591440B5790008C746 /* main.m */,
				E5A6145B1440B5790008C746 /* TableView-Prefix.pch */,
			);
			name = "Supporting Files";
			sourceTree = "<group>";
		};
/* End PBXGroup section */

/* Begin PBXNativeTarget section */
		E5A614481440B5790008C746 /* TableView */ = {
			isa = PBXNativeTarget;
			buildConfigurationList = E5A6146D1440B5790008C746 /* Build configuration list for PBXNativeTarget "TableView" */;
			buildPhases = (
				E5A614451440B5790008C746 /* Sources */,
				E5A614461440B5790008C746 /* Frameworks */,
				E5A614471440B5790008C746 /* Resources */,
			);
			buildRules = (
			);
			dependencies = (
			);
			name = TableView;
			productName = TableView;
			productReference = E5A614491440B5790008C746 /* TableView.app */;
			productType = "com.apple.product-type.application";
		};
/* End PBXNativeTarget section */

/* Begin PBXProject section */
		E5A614401440B5780008C746 /* Project object */ = {
			isa = PBXProject;
			attributes = {
				LastUpgradeCheck = 0420;
			};
			buildConfigurationList = E5A614431440B5780008C746 /* Build configuration list for PBXProject "TableView" */;
			compatibilityVersion = "Xcode 3.2";
			developmentRegion = English;
			hasScannedForEncodings = 0;
			knownRegions = (
				en,
			);
			mainGroup = E5A6143E1440B5780008C746;
			productRefGroup = E5A6144A1440B5790008C746 /* Products */;
			projectDirPath = "";
			projectRoot = "";
			targets = (
				E5A614481440B5790008C746 /* TableView */,
			);
		};
/* End PBXProject section */

/* Begin PBXResourcesBuildPhase section */
		E5A614471440B5790008C746 /* Resources */ = {
			isa = PBXResourcesBuildPhase;
			buildActionMask = 2147483647;
			files = (
				E5A614581440B5790008C746 /* InfoPlist.strings in Resources */,
				E5A614671440B5790008C746 /* RKUMasterViewController.xib in Resources */,
				E5A614781440CED40008C746 /* AddView.xib in Resources */,
				E5A6147D1440F48B0008C746 /* PaisCell.xib in Resources */,
				E5A614821440F8790008C746 /* Flag of Guatemala.png in Resources */,
				E5A614841440F8880008C746 /* Flag of Mexico.png in Resources */,
				E5A614861440F8980008C746 /* Flag of United States.png in Resources */,
			);
			runOnlyForDeploymentPostprocessing = 0;
		};
/* End PBXResourcesBuildPhase section */

/* Begin PBXSourcesBuildPhase section */
		E5A614451440B5790008C746 /* Sources */ = {
			isa = PBXSourcesBuildPhase;
			buildActionMask = 2147483647;
			files = (
				E5A6145A1440B5790008C746 /* main.m in Sources */,
				E5A6145E1440B5790008C746 /* RKUAppDelegate.m in Sources */,
				E5A614611440B5790008C746 /* RKUMasterViewController.m in Sources */,
				E5A614721440B7870008C746 /* Participante.m in Sources */,
				E5A6147B1440CF6C0008C746 /* AddViewController.m in Sources */,
				E5A614801440F5490008C746 /* PaisCellView.m in Sources */,
			);
			runOnlyForDeploymentPostprocessing = 0;
		};
/* End PBXSourcesBuildPhase section */

/* Begin PBXVariantGroup section */
		E5A614561440B5790008C746 /* InfoPlist.strings */ = {
			isa = PBXVariantGroup;
			children = (
				E5A614571440B5790008C746 /* en */,
			);
			name = InfoPlist.strings;
			sourceTree = "<group>";
		};
		E5A614651440B5790008C746 /* RKUMasterViewController.xib */ = {
			isa = PBXVariantGroup;
			children = (
				E5A614661440B5790008C746 /* en */,
			);
			name = RKUMasterViewController.xib;
			sourceTree = "<group>";
		};
/* End PBXVariantGroup section */

/* Begin XCBuildConfiguration section */
		E5A6146B1440B5790008C746 /* Debug */ = {
			isa = XCBuildConfiguration;
			buildSettings = {
				ALWAYS_SEARCH_USER_PATHS = NO;
				ARCHS = "$(ARCHS_STANDARD_32_BIT)";
				"CODE_SIGN_IDENTITY[sdk=iphoneos*]" = "iPhone Developer";
				COPY_PHASE_STRIP = NO;
				GCC_C_LANGUAGE_STANDARD = gnu99;
				GCC_DYNAMIC_NO_PIC = NO;
				GCC_OPTIMIZATION_LEVEL = 0;
				GCC_PREPROCESSOR_DEFINITIONS = (
					"DEBUG=1",
					"$(inherited)",
				);
				GCC_SYMBOLS_PRIVATE_EXTERN = NO;
				GCC_VERSION = com.apple.compilers.llvm.clang.1_0;
				GCC_WARN_ABOUT_MISSING_PROTOTYPES = YES;
				GCC_WARN_ABOUT_RETURN_TYPE = YES;
				GCC_WARN_UNUSED_VARIABLE = YES;
				IPHONEOS_DEPLOYMENT_TARGET = 5.0;
				SDKROOT = iphoneos;
			};
			name = Debug;
		};
		E5A6146C1440B5790008C746 /* Release */ = {
			isa = XCBuildConfiguration;
			buildSettings = {
				ALWAYS_SEARCH_USER_PATHS = NO;
				ARCHS = "$(ARCHS_STANDARD_32_BIT)";
				"CODE_SIGN_IDENTITY[sdk=iphoneos*]" = "iPhone Developer";
				COPY_PHASE_STRIP = YES;
				GCC_C_LANGUAGE_STANDARD = gnu99;
				GCC_VERSION = com.apple.compilers.llvm.clang.1_0;
				GCC_WARN_ABOUT_MISSING_PROTOTYPES = YES;
				GCC_WARN_ABOUT_RETURN_TYPE = YES;
				GCC_WARN_UNUSED_VARIABLE = YES;
				IPHONEOS_DEPLOYMENT_TARGET = 5.0;
				OTHER_CFLAGS = "-DNS_BLOCK_ASSERTIONS=1";
				SDKROOT = iphoneos;
				VALIDATE_PRODUCT = YES;
			};
			name = Release;
		};
		E5A6146E1440B5790008C746 /* Debug */ = {
			isa = XCBuildConfiguration;
			buildSettings = {
				GCC_PRECOMPILE_PREFIX_HEADER = YES;
				GCC_PREFIX_HEADER = "TableView/TableView-Prefix.pch";
				INFOPLIST_FILE = "TableView/TableView-Info.plist";
				PRODUCT_NAME = "$(TARGET_NAME)";
				WRAPPER_EXTENSION = app;
			};
			name = Debug;
		};
		E5A6146F1440B5790008C746 /* Release */ = {
			isa = XCBuildConfiguration;
			buildSettings = {
				GCC_PRECOMPILE_PREFIX_HEADER = YES;
				GCC_PREFIX_HEADER = "TableView/TableView-Prefix.pch";
				INFOPLIST_FILE = "TableView/TableView-Info.plist";
				PRODUCT_NAME = "$(TARGET_NAME)";
				WRAPPER_EXTENSION = app;
			};
			name = Release;
		};
/* End XCBuildConfiguration section */

/* Begin XCConfigurationList section */
		E5A614431440B5780008C746 /* Build configuration list for PBXProject "TableView" */ = {
			isa = XCConfigurationList;
			buildConfigurations = (
				E5A6146B1440B5790008C746 /* Debug */,
				E5A6146C1440B5790008C746 /* Release */,
			);
			defaultConfigurationIsVisible = 0;
			defaultConfigurationName = Release;
		};
		E5A6146D1440B5790008C746 /* Build configuration list for PBXNativeTarget "TableView" */ = {
			isa = XCConfigurationList;
			buildConfigurations = (
				E5A6146E1440B5790008C746 /* Debug */,
				E5A6146F1440B5790008C746 /* Release */,
			);
			defaultConfigurationIsVisible = 0;
		};
/* End XCConfigurationList section */
	};
	rootObject = E5A614401440B5780008C746 /* Project object */;
}
